
Microsoft Visual Studio Solution File, Format Version 12.00
# Visual Studio Version 17
VisualStudioVersion = 17.0.31903.59
MinimumVisualStudioVersion = 10.0.40219.1
Project("{FAE04EC0-301F-11D3-BF4B-00C04F79EFBC}") = "HyperFormulaCS", "HyperFormulaCS\HyperFormulaCS.csproj", "{68EDF45B-13B9-4FA7-87C9-D92F82D319A8}"
EndProject
Project("{FAE04EC0-301F-11D3-BF4B-00C04F79EFBC}") = "HyperFormulaCS.Tests", "HyperFormulaCS.Tests\HyperFormulaCS.Tests.csproj", "{6FC4FA47-D09A-47CD-87FA-2463EC799A75}"
EndProject
Project("{FAE04EC0-301F-11D3-BF4B-00C04F79EFBC}") = "HyperFormulaCS.Web", "HyperFormulaCS.Web\HyperFormulaCS.Web.csproj", "{7BDEB105-0EF0-4A80-B388-7108C894BB73}"
EndProject
Global
	GlobalSection(SolutionConfigurationPlatforms) = preSolution
		Debug|Any CPU = Debug|Any CPU
		Debug|x64 = Debug|x64
		Debug|x86 = Debug|x86
		Release|Any CPU = Release|Any CPU
		Release|x64 = Release|x64
		Release|x86 = Release|x86
	EndGlobalSection
	GlobalSection(ProjectConfigurationPlatforms) = postSolution
		{68EDF45B-13B9-4FA7-87C9-D92F82D319A8}.Debug|Any CPU.ActiveCfg = Debug|Any CPU
		{68EDF45B-13B9-4FA7-87C9-D92F82D319A8}.Debug|Any CPU.Build.0 = Debug|Any CPU
		{68EDF45B-13B9-4FA7-87C9-D92F82D319A8}.Debug|x64.ActiveCfg = Debug|Any CPU
		{68EDF45B-13B9-4FA7-87C9-D92F82D319A8}.Debug|x64.Build.0 = Debug|Any CPU
		{68EDF45B-13B9-4FA7-87C9-D92F82D319A8}.Debug|x86.ActiveCfg = Debug|Any CPU
		{68EDF45B-13B9-4FA7-87C9-D92F82D319A8}.Debug|x86.Build.0 = Debug|Any CPU
		{68EDF45B-13B9-4FA7-87C9-D92F82D319A8}.Release|Any CPU.ActiveCfg = Release|Any CPU
		{68EDF45B-13B9-4FA7-87C9-D92F82D319A8}.Release|Any CPU.Build.0 = Release|Any CPU
		{68EDF45B-13B9-4FA7-87C9-D92F82D319A8}.Release|x64.ActiveCfg = Release|Any CPU
		{68EDF45B-13B9-4FA7-87C9-D92F82D319A8}.Release|x64.Build.0 = Release|Any CPU
		{68EDF45B-13B9-4FA7-87C9-D92F82D319A8}.Release|x86.ActiveCfg = Release|Any CPU
		{68EDF45B-13B9-4FA7-87C9-D92F82D319A8}.Release|x86.Build.0 = Release|Any CPU
		{6FC4FA47-D09A-47CD-87FA-2463EC799A75}.Debug|Any CPU.ActiveCfg = Debug|Any CPU
		{6FC4FA47-D09A-47CD-87FA-2463EC799A75}.Debug|Any CPU.Build.0 = Debug|Any CPU
		{6FC4FA47-D09A-47CD-87FA-2463EC799A75}.Debug|x64.ActiveCfg = Debug|Any CPU
		{6FC4FA47-D09A-47CD-87FA-2463EC799A75}.Debug|x64.Build.0 = Debug|Any CPU
		{6FC4FA47-D09A-47CD-87FA-2463EC799A75}.Debug|x86.ActiveCfg = Debug|Any CPU
		{6FC4FA47-D09A-47CD-87FA-2463EC799A75}.Debug|x86.Build.0 = Debug|Any CPU
		{6FC4FA47-D09A-47CD-87FA-2463EC799A75}.Release|Any CPU.ActiveCfg = Release|Any CPU
		{6FC4FA47-D09A-47CD-87FA-2463EC799A75}.Release|Any CPU.Build.0 = Release|Any CPU
		{6FC4FA47-D09A-47CD-87FA-2463EC799A75}.Release|x64.ActiveCfg = Release|Any CPU
		{6FC4FA47-D09A-47CD-87FA-2463EC799A75}.Release|x64.Build.0 = Release|Any CPU
		{6FC4FA47-D09A-47CD-87FA-2463EC799A75}.Release|x86.ActiveCfg = Release|Any CPU
		{6FC4FA47-D09A-47CD-87FA-2463EC799A75}.Release|x86.Build.0 = Release|Any CPU
		{7BDEB105-0EF0-4A80-B388-7108C894BB73}.Debug|Any CPU.ActiveCfg = Debug|Any CPU
		{7BDEB105-0EF0-4A80-B388-7108C894BB73}.Debug|Any CPU.Build.0 = Debug|Any CPU
		{7BDEB105-0EF0-4A80-B388-7108C894BB73}.Debug|x64.ActiveCfg = Debug|Any CPU
		{7BDEB105-0EF0-4A80-B388-7108C894BB73}.Debug|x64.Build.0 = Debug|Any CPU
		{7BDEB105-0EF0-4A80-B388-7108C894BB73}.Debug|x86.ActiveCfg = Debug|Any CPU
		{7BDEB105-0EF0-4A80-B388-7108C894BB73}.Debug|x86.Build.0 = Debug|Any CPU
		{7BDEB105-0EF0-4A80-B388-7108C894BB73}.Release|Any CPU.ActiveCfg = Release|Any CPU
		{7BDEB105-0EF0-4A80-B388-7108C894BB73}.Release|Any CPU.Build.0 = Release|Any CPU
		{7BDEB105-0EF0-4A80-B388-7108C894BB73}.Release|x64.ActiveCfg = Release|Any CPU
		{7BDEB105-0EF0-4A80-B388-7108C894BB73}.Release|x64.Build.0 = Release|Any CPU
		{7BDEB105-0EF0-4A80-B388-7108C894BB73}.Release|x86.ActiveCfg = Release|Any CPU
		{7BDEB105-0EF0-4A80-B388-7108C894BB73}.Release|x86.Build.0 = Release|Any CPU
	EndGlobalSection
	GlobalSection(SolutionProperties) = preSolution
		HideSolutionNode = FALSE
	EndGlobalSection
EndGlobal
